{
  "version": 4,
  "terraform_version": "1.5.7",
  "serial": 101,
  "lineage": "ee7ddd40-387c-b039-64b3-125d49fdd067",
  "outputs": {
    "appscope_config": {
      "value": {
        "config": {
          "cribl": {
            "authtoken": null,
            "enable": null,
            "transport": null,
            "use_scope_source_transport": true
          },
          "custom": [],
          "event": {
            "enable": true,
            "format": {
              "enhancefs": true,
              "maxeventpersec": 10000
            },
            "transport": {
              "buffer": null,
              "host": "127.0.0.1",
              "path": null,
              "port": 9109,
              "tls": {
                "cacertpath": null,
                "enable": false,
                "validateserver": null
              },
              "type": "tcp"
            },
            "type": "ndjson",
            "watch": [
              {
                "allowbinary": true,
                "enabled": true,
                "field": null,
                "headers": null,
                "name": "(stdout)|(stderr)",
                "type": "console",
                "value": ".*"
              },
              {
                "allowbinary": null,
                "enabled": true,
                "field": null,
                "headers": null,
                "name": "(\\/logs?\\/)|(\\.log$)|(\\.log[.\\d])",
                "type": "file",
                "value": ".*"
              },
              {
                "allowbinary": null,
                "enabled": true,
                "field": ".*",
                "headers": null,
                "name": ".*",
                "type": "fs",
                "value": ".*"
              },
              {
                "allowbinary": null,
                "enabled": true,
                "field": ".*",
                "headers": null,
                "name": ".*",
                "type": "net",
                "value": ".*"
              },
              {
                "allowbinary": null,
                "enabled": true,
                "field": ".*",
                "headers": null,
                "name": ".*",
                "type": "dns",
                "value": ".*"
              },
              {
                "allowbinary": null,
                "enabled": true,
                "field": ".*",
                "headers": [
                  "host",
                  "user-agent",
                  "x-forwarded-for",
                  "x-appscope"
                ],
                "name": ".*",
                "type": "http",
                "value": ".*"
              },
              {
                "allowbinary": null,
                "enabled": false,
                "field": ".*",
                "headers": null,
                "name": ".*",
                "type": "metric",
                "value": ".*"
              }
            ]
          },
          "libscope": {
            "commanddir": "/tmp",
            "configevent": true,
            "log": {
              "level": "warning",
              "transport": {
                "buffer": "line",
                "host": null,
                "path": null,
                "port": null,
                "tls": null,
                "type": "file"
              }
            },
            "summaryperiod": 10
          },
          "metric": {
            "enable": true,
            "format": {
              "statsdmaxlen": null,
              "statsdprefix": null,
              "type": "ndjson",
              "verbosity": 4
            },
            "transport": {
              "buffer": null,
              "host": "127.0.0.1",
              "path": null,
              "port": 8125,
              "tls": null,
              "type": "udp"
            },
            "watch": [
              {},
              {},
              {},
              {},
              {},
              {}
            ]
          },
          "payload": {
            "dir": "/tmp",
            "enable": false
          },
          "protocol": [],
          "tags": []
        },
        "description": "A sample AppScope configuration",
        "group_id": "default",
        "id": "sample_appscope_config",
        "lib": "cribl",
        "tags": "cribl, test"
      },
      "type": [
        "object",
        {
          "config": [
            "object",
            {
              "cribl": [
                "object",
                {
                  "authtoken": "string",
                  "enable": "bool",
                  "transport": [
                    "object",
                    {
                      "buffer": "string",
                      "host": "string",
                      "path": "string",
                      "port": "number",
                      "tls": [
                        "object",
                        {
                          "cacertpath": "string",
                          "enable": "bool",
                          "validateserver": "bool"
                        }
                      ],
                      "type": "string"
                    }
                  ],
                  "use_scope_source_transport": "bool"
                }
              ],
              "custom": [
                "list",
                [
                  "object",
                  {
                    "ancestor": "string",
                    "arg": "string",
                    "config": [
                      "object",
                      {
                        "cribl": [
                          "object",
                          {
                            "authtoken": "string",
                            "enable": "bool",
                            "transport": [
                              "object",
                              {
                                "buffer": "string",
                                "host": "string",
                                "path": "string",
                                "port": "number",
                                "tls": [
                                  "object",
                                  {
                                    "cacertpath": "string",
                                    "enable": "bool",
                                    "validateserver": "bool"
                                  }
                                ],
                                "type": "string"
                              }
                            ],
                            "use_scope_source_transport": "bool"
                          }
                        ],
                        "event": [
                          "object",
                          {
                            "enable": "bool",
                            "format": [
                              "object",
                              {
                                "enhancefs": "bool",
                                "maxeventpersec": "number"
                              }
                            ],
                            "transport": [
                              "object",
                              {
                                "buffer": "string",
                                "host": "string",
                                "path": "string",
                                "port": "number",
                                "tls": [
                                  "object",
                                  {
                                    "cacertpath": "string",
                                    "enable": "bool",
                                    "validateserver": "bool"
                                  }
                                ],
                                "type": "string"
                              }
                            ],
                            "type": "string",
                            "watch": [
                              "list",
                              [
                                "object",
                                {
                                  "allowbinary": "bool",
                                  "enabled": "bool",
                                  "field": "string",
                                  "headers": [
                                    "list",
                                    "string"
                                  ],
                                  "name": "string",
                                  "type": "string",
                                  "value": "string"
                                }
                              ]
                            ]
                          }
                        ],
                        "libscope": [
                          "object",
                          {
                            "commanddir": "string",
                            "configevent": "bool",
                            "log": [
                              "object",
                              {
                                "level": "string",
                                "transport": [
                                  "object",
                                  {
                                    "buffer": "string",
                                    "host": "string",
                                    "path": "string",
                                    "port": "number",
                                    "tls": [
                                      "object",
                                      {
                                        "cacertpath": "string",
                                        "enable": "bool",
                                        "validateserver": "bool"
                                      }
                                    ],
                                    "type": "string"
                                  }
                                ]
                              }
                            ],
                            "summaryperiod": "number"
                          }
                        ],
                        "metric": [
                          "object",
                          {
                            "enable": "bool",
                            "format": [
                              "object",
                              {
                                "statsdmaxlen": "number",
                                "statsdprefix": "string",
                                "type": "string",
                                "verbosity": "number"
                              }
                            ],
                            "transport": [
                              "object",
                              {
                                "buffer": "string",
                                "host": "string",
                                "path": "string",
                                "port": "number",
                                "tls": [
                                  "object",
                                  {
                                    "cacertpath": "string",
                                    "enable": "bool",
                                    "validateserver": "bool"
                                  }
                                ],
                                "type": "string"
                              }
                            ],
                            "watch": [
                              "list",
                              [
                                "object",
                                {}
                              ]
                            ]
                          }
                        ],
                        "payload": [
                          "object",
                          {
                            "dir": "string",
                            "enable": "bool"
                          }
                        ],
                        "protocol": [
                          "list",
                          [
                            "object",
                            {
                              "binary": "bool",
                              "detect": "bool",
                              "len": "number",
                              "name": "string",
                              "payload": "bool",
                              "regex": "string"
                            }
                          ]
                        ],
                        "tags": [
                          "list",
                          [
                            "object",
                            {
                              "key": "string",
                              "value": "string"
                            }
                          ]
                        ]
                      }
                    ],
                    "env": "string",
                    "hostname": "string",
                    "procname": "string",
                    "username": "string"
                  }
                ]
              ],
              "event": [
                "object",
                {
                  "enable": "bool",
                  "format": [
                    "object",
                    {
                      "enhancefs": "bool",
                      "maxeventpersec": "number"
                    }
                  ],
                  "transport": [
                    "object",
                    {
                      "buffer": "string",
                      "host": "string",
                      "path": "string",
                      "port": "number",
                      "tls": [
                        "object",
                        {
                          "cacertpath": "string",
                          "enable": "bool",
                          "validateserver": "bool"
                        }
                      ],
                      "type": "string"
                    }
                  ],
                  "type": "string",
                  "watch": [
                    "list",
                    [
                      "object",
                      {
                        "allowbinary": "bool",
                        "enabled": "bool",
                        "field": "string",
                        "headers": [
                          "list",
                          "string"
                        ],
                        "name": "string",
                        "type": "string",
                        "value": "string"
                      }
                    ]
                  ]
                }
              ],
              "libscope": [
                "object",
                {
                  "commanddir": "string",
                  "configevent": "bool",
                  "log": [
                    "object",
                    {
                      "level": "string",
                      "transport": [
                        "object",
                        {
                          "buffer": "string",
                          "host": "string",
                          "path": "string",
                          "port": "number",
                          "tls": [
                            "object",
                            {
                              "cacertpath": "string",
                              "enable": "bool",
                              "validateserver": "bool"
                            }
                          ],
                          "type": "string"
                        }
                      ]
                    }
                  ],
                  "summaryperiod": "number"
                }
              ],
              "metric": [
                "object",
                {
                  "enable": "bool",
                  "format": [
                    "object",
                    {
                      "statsdmaxlen": "number",
                      "statsdprefix": "string",
                      "type": "string",
                      "verbosity": "number"
                    }
                  ],
                  "transport": [
                    "object",
                    {
                      "buffer": "string",
                      "host": "string",
                      "path": "string",
                      "port": "number",
                      "tls": [
                        "object",
                        {
                          "cacertpath": "string",
                          "enable": "bool",
                          "validateserver": "bool"
                        }
                      ],
                      "type": "string"
                    }
                  ],
                  "watch": [
                    "list",
                    [
                      "object",
                      {}
                    ]
                  ]
                }
              ],
              "payload": [
                "object",
                {
                  "dir": "string",
                  "enable": "bool"
                }
              ],
              "protocol": [
                "list",
                [
                  "object",
                  {
                    "binary": "bool",
                    "detect": "bool",
                    "len": "number",
                    "name": "string",
                    "payload": "bool",
                    "regex": "string"
                  }
                ]
              ],
              "tags": [
                "list",
                [
                  "object",
                  {
                    "key": "string",
                    "value": "string"
                  }
                ]
              ]
            }
          ],
          "description": "string",
          "group_id": "string",
          "id": "string",
          "lib": "string",
          "tags": "string"
        }
      ]
    },
    "database_connection": {
      "value": {
        "auth_type": "connectionString",
        "config_obj": "test",
        "connection_string": "mysql://user:password@localhost:3306/mydb",
        "connection_timeout": 1000,
        "database_type": "mysql",
        "description": "MySQL database connection example",
        "group_id": "default",
        "id": "my_databaseconnection",
        "password": "test",
        "request_timeout": 60,
        "tags": "test",
        "user": "test"
      },
      "type": [
        "object",
        {
          "auth_type": "string",
          "config_obj": "string",
          "connection_string": "string",
          "connection_timeout": "number",
          "database_type": "string",
          "description": "string",
          "group_id": "string",
          "id": "string",
          "password": "string",
          "request_timeout": "number",
          "tags": "string",
          "user": "string"
        }
      ]
    },
    "destination_details": {
      "value": {
        "id": "cribl-lake-2"
      },
      "type": [
        "object",
        {
          "id": "string"
        }
      ]
    },
    "edge_fleet": {
      "value": {
        "cloud": null,
        "config_version": null,
        "deploying_worker_count": null,
        "description": null,
        "estimated_ingest_rate": 1024,
        "git": null,
        "id": "my-edge-fleet",
        "incompatible_worker_count": null,
        "inherits": null,
        "is_fleet": true,
        "is_search": null,
        "items": [
          {
            "cloud": null,
            "estimated_ingest_rate": 1024,
            "id": "my-edge-fleet",
            "is_fleet": true,
            "name": "my-edge-fleet",
            "on_prem": true,
            "provisioned": false,
            "streamtags": [
              "test",
              "network"
            ],
            "worker_remote_access": false
          }
        ],
        "lookup_deployments": null,
        "name": "my-edge-fleet",
        "on_prem": false,
        "product": "edge",
        "provisioned": false,
        "streamtags": [
          "test",
          "network"
        ],
        "tags": null,
        "type": null,
        "upgrade_version": null,
        "worker_count": null,
        "worker_remote_access": false
      },
      "type": [
        "object",
        {
          "cloud": [
            "object",
            {
              "provider": "string",
              "region": "string"
            }
          ],
          "config_version": "string",
          "deploying_worker_count": "number",
          "description": "string",
          "estimated_ingest_rate": "number",
          "git": [
            "object",
            {
              "commit": "string",
              "local_changes": "number",
              "log": [
                "list",
                [
                  "object",
                  {
                    "author_email": "string",
                    "author_name": "string",
                    "date": "string",
                    "hash": "string",
                    "message": "string",
                    "short": "string"
                  }
                ]
              ]
            }
          ],
          "id": "string",
          "incompatible_worker_count": "number",
          "inherits": "string",
          "is_fleet": "bool",
          "is_search": "bool",
          "items": [
            "list",
            [
              "object",
              {
                "cloud": [
                  "object",
                  {
                    "provider": "string",
                    "region": "string"
                  }
                ],
                "estimated_ingest_rate": "number",
                "id": "string",
                "is_fleet": "bool",
                "name": "string",
                "on_prem": "bool",
                "provisioned": "bool",
                "streamtags": [
                  "list",
                  "string"
                ],
                "worker_remote_access": "bool"
              }
            ]
          ],
          "lookup_deployments": [
            "list",
            [
              "object",
              {
                "context": "string",
                "lookups": [
                  "list",
                  [
                    "object",
                    {
                      "deployed_version": "string",
                      "file": "string",
                      "version": "string"
                    }
                  ]
                ]
              }
            ]
          ],
          "name": "string",
          "on_prem": "bool",
          "product": "string",
          "provisioned": "bool",
          "streamtags": [
            "list",
            "string"
          ],
          "tags": "string",
          "type": "string",
          "upgrade_version": "string",
          "worker_count": "number",
          "worker_remote_access": "bool"
        }
      ]
    },
    "event_breaker_ruleset": {
      "value": {
        "description": "test",
        "group_id": "default",
        "id": "test_eventbreakerruleset",
        "lib": "custom",
        "min_raw_length": 256,
        "rules": [
          {
            "condition": "PASS_THROUGH_SOURCE_TYPE",
            "disabled": false,
            "event_breaker_regex": "/[\\n\\r]+(?!\\s)/",
            "fields": [],
            "max_event_bytes": 51200,
            "name": "test",
            "parser_enabled": false,
            "should_use_data_raw": false,
            "timestamp": {
              "format": null,
              "length": 150,
              "type": "auto"
            },
            "timestamp_anchor_regex": "/^/",
            "timestamp_earliest": "-420weeks",
            "timestamp_latest": "+1week",
            "timestamp_timezone": "local",
            "type": "regex"
          }
        ],
        "tags": "test"
      },
      "type": [
        "object",
        {
          "description": "string",
          "group_id": "string",
          "id": "string",
          "lib": "string",
          "min_raw_length": "number",
          "rules": [
            "list",
            [
              "object",
              {
                "condition": "string",
                "disabled": "bool",
                "event_breaker_regex": "string",
                "fields": [
                  "list",
                  [
                    "object",
                    {
                      "name": "string",
                      "value": "string"
                    }
                  ]
                ],
                "max_event_bytes": "number",
                "name": "string",
                "parser_enabled": "bool",
                "should_use_data_raw": "bool",
                "timestamp": [
                  "object",
                  {
                    "format": "string",
                    "length": "number",
                    "type": "string"
                  }
                ],
                "timestamp_anchor_regex": "string",
                "timestamp_earliest": "string",
                "timestamp_latest": "string",
                "timestamp_timezone": "string",
                "type": "string"
              }
            ]
          ],
          "tags": "string"
        }
      ]
    },
    "global_var": {
      "value": {
        "description": "test",
        "group_id": "default",
        "id": "sample_globalvar",
        "lib": "test",
        "tags": "test",
        "type": "number",
        "value": "100"
      },
      "type": [
        "object",
        {
          "description": "string",
          "group_id": "string",
          "id": "string",
          "lib": "string",
          "tags": "string",
          "type": "string",
          "value": "string"
        }
      ]
    },
    "grok": {
      "value": {
        "content": "SYSLOG5424PRINTASCII [!-~]+\n\nSYSLOGBASE2 (?:%{SYSLOGTIMESTAMP:timestamp}|%{TIMESTAMP_ISO8601:timestamp8601}) (?:%{SYSLOGFACILITY} )?%{SYSLOGHOST:logsource}+(?: %{SYSLOGPROG}:|)\nSYSLOGPAMSESSION %{SYSLOGBASE} (?=%{GREEDYDATA:message})%{WORD:pam_module}\\(%{DATA:pam_caller}\\): session %{WORD:pam_session_state} for user %{USERNAME:username}(?: by %{GREEDYDATA:pam_by})?\n\nCRON_ACTION [A-Z ]+\nCRONLOG %{SYSLOGBASE} \\(%{USER:user}\\) %{CRON_ACTION:action} \\(%{DATA:message}\\)\n\nSYSLOGLINE %{SYSLOGBASE2} %{GREEDYDATA:message}\n\n# IETF 5424 syslog(8) format (see http://www.rfc-editor.org/info/rfc5424)\nSYSLOG5424PRI \u003c%{NONNEGINT:syslog5424_pri}\u003e\nSYSLOG5424SD \\[%{DATA}\\]+\nSYSLOG5424BASE %{SYSLOG5424PRI}%{NONNEGINT:syslog5424_ver} +(?:%{TIMESTAMP_ISO8601:syslog5424_ts}|-) +(?:%{IPORHOST:syslog5424_host}|-) +(-|%{SYSLOG5424PRINTASCII:syslog5424_app}) +(-|%{SYSLOG5424PRINTASCII:syslog5424_proc}) +(-|%{SYSLOG5424PRINTASCII:syslog5424_msgid}) +(?:%{SYSLOG5424SD:syslog5424_sd}|-|)\n\nSYSLOG5424LINE %{SYSLOG5424BASE} +%{GREEDYDATA:syslog5424_msg}\n",
        "group_id": "default",
        "id": "test_grok",
        "size": 1,
        "tags": null
      },
      "type": [
        "object",
        {
          "content": "string",
          "group_id": "string",
          "id": "string",
          "size": "number",
          "tags": "string"
        }
      ]
    },
    "hmac_function": {
      "value": {
        "description": "test hmac function",
        "group_id": "default",
        "header_expression": "'hmac sha256 ' + C.Crypto.createHmac('test', C.Secret('yourSecret','text').value, 'sha256','hex')",
        "header_name": "signature",
        "id": "my_hmacfunction",
        "lib": "cribl",
        "string_builders": [
          "true"
        ],
        "string_delim": "true"
      },
      "type": [
        "object",
        {
          "description": "string",
          "group_id": "string",
          "header_expression": "string",
          "header_name": "string",
          "id": "string",
          "lib": "string",
          "string_builders": [
            "list",
            "string"
          ],
          "string_delim": "string"
        }
      ]
    },
    "pack_breakers_details": {
      "value": {
        "description": "test",
        "group_id": "default",
        "id": "test_packbreakers",
        "items": [
          {
            "comments": [],
            "groups": null,
            "id": "test_packbreakers",
            "routes": []
          }
        ],
        "lib": "custom",
        "min_raw_length": 256,
        "pack": "pack-breakers",
        "rules": [
          {
            "condition": "PASS_THROUGH_SOURCE_TYPE",
            "disabled": false,
            "event_breaker_regex": "/[\\n\\r]+(?!\\s)/",
            "fields": [],
            "max_event_bytes": 51200,
            "name": "test",
            "parser_enabled": false,
            "should_use_data_raw": false,
            "timestamp": {
              "format": null,
              "length": 150,
              "type": "auto"
            },
            "timestamp_anchor_regex": "/^/",
            "timestamp_earliest": "-420weeks",
            "timestamp_latest": "+1week",
            "timestamp_timezone": "local",
            "type": "regex"
          }
        ],
        "tags": "test"
      },
      "type": [
        "object",
        {
          "description": "string",
          "group_id": "string",
          "id": "string",
          "items": [
            "list",
            [
              "object",
              {
                "comments": [
                  "list",
                  [
                    "object",
                    {
                      "additional_properties": "string",
                      "comment": "string"
                    }
                  ]
                ],
                "groups": [
                  "map",
                  [
                    "object",
                    {
                      "description": "string",
                      "disabled": "bool",
                      "name": "string"
                    }
                  ]
                ],
                "id": "string",
                "routes": [
                  "list",
                  [
                    "object",
                    {
                      "additional_properties": "string",
                      "description": "string",
                      "disabled": "bool",
                      "enable_output_expression": "bool",
                      "filter": "string",
                      "final": "bool",
                      "id": "string",
                      "name": "string",
                      "output": "string",
                      "output_expression": "string",
                      "pipeline": "string"
                    }
                  ]
                ]
              }
            ]
          ],
          "lib": "string",
          "min_raw_length": "number",
          "pack": "string",
          "rules": [
            "list",
            [
              "object",
              {
                "condition": "string",
                "disabled": "bool",
                "event_breaker_regex": "string",
                "fields": [
                  "list",
                  [
                    "object",
                    {
                      "name": "string",
                      "value": "string"
                    }
                  ]
                ],
                "max_event_bytes": "number",
                "name": "string",
                "parser_enabled": "bool",
                "should_use_data_raw": "bool",
                "timestamp": [
                  "object",
                  {
                    "format": "string",
                    "length": "number",
                    "type": "string"
                  }
                ],
                "timestamp_anchor_regex": "string",
                "timestamp_earliest": "string",
                "timestamp_latest": "string",
                "timestamp_timezone": "string",
                "type": "string"
              }
            ]
          ],
          "tags": "string"
        }
      ]
    },
    "pack_source_details": {
      "value": {
        "allow_custom_functions": null,
        "author": null,
        "description": "Pack from source",
        "disabled": true,
        "display_name": "Pack from source",
        "exports": null,
        "filename": null,
        "force": null,
        "group_id": "default",
        "id": "pack-from-source",
        "inputs": null,
        "is_disabled": null,
        "items": [
          {
            "author": "Cribl, Inc.",
            "description": "A sample pack with a simple example",
            "display_name": "Hello, Packs!",
            "exports": [],
            "id": "pack-from-source",
            "inputs": null,
            "is_disabled": null,
            "min_log_stream_version": null,
            "outputs": null,
            "settings": null,
            "source": "file:/opt/cribl_data/failover/groups/default/default/HelloPacks",
            "spec": null,
            "tags": null,
            "version": "1.0.0",
            "warnings": "null"
          }
        ],
        "min_log_stream_version": null,
        "outputs": null,
        "source": "file:/opt/cribl_data/failover/groups/default/default/HelloPacks",
        "spec": null,
        "tags": null,
        "version": "1.0.0"
      },
      "type": [
        "object",
        {
          "allow_custom_functions": "bool",
          "author": "string",
          "description": "string",
          "disabled": "bool",
          "display_name": "string",
          "exports": [
            "list",
            "string"
          ],
          "filename": "string",
          "force": "bool",
          "group_id": "string",
          "id": "string",
          "inputs": "number",
          "is_disabled": "bool",
          "items": [
            "list",
            [
              "object",
              {
                "author": "string",
                "description": "string",
                "display_name": "string",
                "exports": [
                  "list",
                  "string"
                ],
                "id": "string",
                "inputs": "number",
                "is_disabled": "bool",
                "min_log_stream_version": "string",
                "outputs": "number",
                "settings": [
                  "map",
                  "string"
                ],
                "source": "string",
                "spec": "string",
                "tags": [
                  "object",
                  {
                    "data_type": [
                      "list",
                      "string"
                    ],
                    "domain": [
                      "list",
                      "string"
                    ],
                    "streamtags": [
                      "list",
                      "string"
                    ],
                    "technology": [
                      "list",
                      "string"
                    ]
                  }
                ],
                "version": "string",
                "warnings": "string"
              }
            ]
          ],
          "min_log_stream_version": "string",
          "outputs": "number",
          "source": "string",
          "spec": "string",
          "tags": [
            "object",
            {
              "data_type": [
                "list",
                "string"
              ],
              "domain": [
                "list",
                "string"
              ],
              "streamtags": [
                "list",
                "string"
              ],
              "technology": [
                "list",
                "string"
              ]
            }
          ],
          "version": "string"
        }
      ]
    },
    "parquet_schema": {
      "value": {
        "description": "test parquest",
        "group_id": "default",
        "id": "my_parquet_schema",
        "schema": "{\n  \"compressed_GZIP\": {\n    \"type\": \"STRING\",\n    \"compression\": \"GZIP\"\n  },\n  \"compressed_SNAPPY\": {\n    \"type\": \"STRING\",\n    \"compression\": \"SNAPPY\"\n  },\n  \"compressed_BROTLI\": {\n    \"type\": \"STRING\",\n    \"compression\": \"BROTLI\"\n  },\n  \"compressed_ZSTD\": {\n    \"type\": \"STRING\",\n    \"compression\": \"ZSTD\"\n  },\n  \"compressed_LZ4\": {\n    \"type\": \"STRING\",\n    \"compression\": \"LZ4\"\n  },\n  \"compressed_BOOLEAN\": {\n    \"type\": \"BOOLEAN\",\n    \"compression\": \"GZIP\"\n  },\n  \"compressed_INT32\": {\n    \"type\": \"INT\",\n    \"bitWidth\": 32,\n    \"signed\": true,\n    \"compression\": \"SNAPPY\"\n  },\n  \"compressed_INT64\": {\n    \"type\": \"INT\",\n    \"bitWidth\": 64,\n    \"signed\": true,\n    \"compression\": \"BROTLI\"\n  },\n  \"compressed_FLOAT\": {\n    \"type\": \"FLOAT\",\n    \"compression\": \"ZSTD\"\n  },\n  \"compressed_DOUBLE\": {\n    \"type\": \"DOUBLE\",\n    \"compression\": \"GZIP\"\n  },\n  \"compressed_BYTE_ARRAY\": {\n    \"type\": \"BYTE_ARRAY\",\n    \"compression\": \"GZIP\"\n  },\n  \"compressed_FIXED_LEN_BYTE_ARRAY\": {\n    \"type\": \"FIXED_LEN_BYTE_ARRAY\",\n    \"typeLength\": 10,\n    \"compression\": \"GZIP\"\n  },\n  \"encoding_PLAIN\": {\n    \"type\": \"STRING\",\n    \"encoding\": \"PLAIN\"\n  },\n  \"encoding_DICTIONARY\": {\n    \"type\": \"STRING\",\n    \"encoding\": \"DICTIONARY\"\n  },\n  \"encoding_BYTE_STREAM_SPLIT\": {\n    \"type\": \"FLOAT\",\n    \"encoding\": \"BYTE_STREAM_SPLIT\"\n  },\n  \"compressed_encoded_STRING\": {\n    \"type\": \"STRING\",\n    \"compression\": \"GZIP\",\n    \"encoding\": \"DICTIONARY\"\n  },\n  \"compressed_encoded_INT32\": {\n    \"type\": \"INT\",\n    \"bitWidth\": 32,\n    \"signed\": true,\n    \"compression\": \"ZSTD\",\n    \"encoding\": \"DICTIONARY\"\n  },\n  \"compressed_encoded_FLOAT\": {\n    \"type\": \"FLOAT\",\n    \"compression\": \"GZIP\",\n    \"encoding\": \"BYTE_STREAM_SPLIT\"\n  },\n  \"compressed_encoded_DOUBLE\": {\n    \"type\": \"DOUBLE\",\n    \"compression\": \"GZIP\",\n    \"encoding\": \"BYTE_STREAM_SPLIT\"\n  },\n  \"compressed_encoded_BYTE_ARRAY\": {\n    \"type\": \"BYTE_ARRAY\",\n    \"compression\": \"GZIP\",\n    \"encoding\": \"DICTIONARY\"\n  },\n  \"compressed_encoded_FIXED_LEN_BYTE_ARRAY\": {\n    \"type\": \"FIXED_LEN_BYTE_ARRAY\",\n    \"typeLength\": 10,\n    \"compression\": \"GZIP\",\n    \"encoding\": \"PLAIN\"\n  }\n}\n"
      },
      "type": [
        "object",
        {
          "description": "string",
          "group_id": "string",
          "id": "string",
          "schema": "string"
        }
      ]
    },
    "project": {
      "value": {
        "consumers": {},
        "description": "test project",
        "destinations": [],
        "group_id": "default",
        "id": "my_project",
        "subscriptions": []
      },
      "type": [
        "object",
        {
          "consumers": [
            "object",
            {}
          ],
          "description": "string",
          "destinations": [
            "list",
            "string"
          ],
          "group_id": "string",
          "id": "string",
          "subscriptions": [
            "list",
            "string"
          ]
        }
      ]
    },
    "regex": {
      "value": {
        "description": "test",
        "group_id": "default",
        "id": "test_regex",
        "lib": "custom",
        "regex": "/\\b(?:\\d{1,3}\\.){3}\\d{1,3}\\b/",
        "sample_data": "192.168.1.1, 10.0.0.1, 172.16.0.1",
        "tags": "test"
      },
      "type": [
        "object",
        {
          "description": "string",
          "group_id": "string",
          "id": "string",
          "lib": "string",
          "regex": "string",
          "sample_data": "string",
          "tags": "string"
        }
      ]
    },
    "schema": {
      "value": {
        "description": "test schema",
        "group_id": "default",
        "id": "my_schema",
        "schema": "{\n  \"$id\": \"https://example.com/person.schema.json\",\n  \"$schema\": \"http://json-schema.org/draft-07/schema#\",\n  \"title\": \"Person\",\n  \"type\": \"object\",\n  \"required\": [\"firstName\", \"lastName\", \"age\"],\n  \"properties\": {\n    \"firstName\": {\n      \"type\": \"string\",\n      \"description\": \"The person's first name.\"\n    },\n    \"lastName\": {\n      \"type\": \"string\",\n      \"description\": \"The person's last name.\"\n    },\n    \"age\": {\n      \"description\": \"Age in years which must be greater than zero, less than 42.\",\n      \"type\": \"integer\",\n      \"minimum\": 0,\n      \"maximum\": 42\n    }\n  }\n}\n"
      },
      "type": [
        "object",
        {
          "description": "string",
          "group_id": "string",
          "id": "string",
          "schema": "string"
        }
      ]
    },
    "source_details": {
      "value": {
        "id": "syslog-input"
      },
      "type": [
        "object",
        {
          "id": "string"
        }
      ]
    },
    "subscription": {
      "value": {
        "description": "test subscription",
        "disabled": true,
        "filter": "test",
        "group_id": "default",
        "id": "my_subscription",
        "pipeline": "passthru"
      },
      "type": [
        "object",
        {
          "description": "string",
          "disabled": "bool",
          "filter": "string",
          "group_id": "string",
          "id": "string",
          "pipeline": "string"
        }
      ]
    },
    "worker_group_details": {
      "value": {
        "id": "syslog-workers",
        "name": "syslog-workers"
      },
      "type": [
        "object",
        {
          "id": "string",
          "name": "string"
        }
      ]
    }
  },
  "resources": [
    {
      "mode": "data",
      "type": "criblio_config_version",
      "name": "my_configversion",
      "provider": "provider[\"registry.terraform.io/criblio/criblio\"]",
      "instances": [
        {
          "schema_version": 0,
          "attributes": {
            "id": "syslog-workers",
            "items": [
              "69e75ef"
            ]
          },
          "sensitive_attributes": []
        }
      ]
    },
    {
      "mode": "managed",
      "type": "criblio_appscope_config",
      "name": "my_appscopeconfig",
      "provider": "provider[\"registry.terraform.io/criblio/criblio\"]",
      "instances": [
        {
          "schema_version": 0,
          "attributes": {
            "config": {
              "cribl": {
                "authtoken": null,
                "enable": null,
                "transport": null,
                "use_scope_source_transport": true
              },
              "custom": [],
              "event": {
                "enable": true,
                "format": {
                  "enhancefs": true,
                  "maxeventpersec": 10000
                },
                "transport": {
                  "buffer": null,
                  "host": "127.0.0.1",
                  "path": null,
                  "port": 9109,
                  "tls": {
                    "cacertpath": null,
                    "enable": false,
                    "validateserver": null
                  },
                  "type": "tcp"
                },
                "type": "ndjson",
                "watch": [
                  {
                    "allowbinary": true,
                    "enabled": true,
                    "field": null,
                    "headers": null,
                    "name": "(stdout)|(stderr)",
                    "type": "console",
                    "value": ".*"
                  },
                  {
                    "allowbinary": null,
                    "enabled": true,
                    "field": null,
                    "headers": null,
                    "name": "(\\/logs?\\/)|(\\.log$)|(\\.log[.\\d])",
                    "type": "file",
                    "value": ".*"
                  },
                  {
                    "allowbinary": null,
                    "enabled": true,
                    "field": ".*",
                    "headers": null,
                    "name": ".*",
                    "type": "fs",
                    "value": ".*"
                  },
                  {
                    "allowbinary": null,
                    "enabled": true,
                    "field": ".*",
                    "headers": null,
                    "name": ".*",
                    "type": "net",
                    "value": ".*"
                  },
                  {
                    "allowbinary": null,
                    "enabled": true,
                    "field": ".*",
                    "headers": null,
                    "name": ".*",
                    "type": "dns",
                    "value": ".*"
                  },
                  {
                    "allowbinary": null,
                    "enabled": true,
                    "field": ".*",
                    "headers": [
                      "host",
                      "user-agent",
                      "x-forwarded-for",
                      "x-appscope"
                    ],
                    "name": ".*",
                    "type": "http",
                    "value": ".*"
                  },
                  {
                    "allowbinary": null,
                    "enabled": false,
                    "field": ".*",
                    "headers": null,
                    "name": ".*",
                    "type": "metric",
                    "value": ".*"
                  }
                ]
              },
              "libscope": {
                "commanddir": "/tmp",
                "configevent": true,
                "log": {
                  "level": "warning",
                  "transport": {
                    "buffer": "line",
                    "host": null,
                    "path": null,
                    "port": null,
                    "tls": null,
                    "type": "file"
                  }
                },
                "summaryperiod": 10
              },
              "metric": {
                "enable": true,
                "format": {
                  "statsdmaxlen": null,
                  "statsdprefix": null,
                  "type": "ndjson",
                  "verbosity": 4
                },
                "transport": {
                  "buffer": null,
                  "host": "127.0.0.1",
                  "path": null,
                  "port": 8125,
                  "tls": null,
                  "type": "udp"
                },
                "watch": [
                  {},
                  {},
                  {},
                  {},
                  {},
                  {}
                ]
              },
              "payload": {
                "dir": "/tmp",
                "enable": false
              },
              "protocol": [],
              "tags": []
            },
            "description": "A sample AppScope configuration",
            "group_id": "default",
            "id": "sample_appscope_config",
            "lib": "cribl",
            "tags": "cribl, test"
          },
          "sensitive_attributes": []
        }
      ]
    },
    {
      "mode": "managed",
      "type": "criblio_commit",
      "name": "my_commit",
      "provider": "provider[\"registry.terraform.io/criblio/criblio\"]",
      "instances": [
        {
          "schema_version": 0,
          "attributes": {
            "effective": true,
            "files": null,
            "group": "syslog-workers",
            "items": [
              {
                "author": {
                  "email": "",
                  "name": ""
                },
                "branch": "master",
                "commit": "69e75ef",
                "files": {
                  "created": [
                    "groups/syslog-workers/default/syslog-processing/package.json",
                    "groups/syslog-workers/local/cribl/outputs.yml"
                  ],
                  "deleted": [],
                  "modified": [
                    "groups/syslog-workers/local/cribl/inputs.yml",
                    "groups/syslog-workers/package.json"
                  ],
                  "renamed": []
                },
                "summary": {
                  "changes": 4,
                  "deletions": 1,
                  "insertions": 108
                }
              }
            ],
            "message": "test"
          },
          "sensitive_attributes": [],
          "dependencies": [
            "criblio_destination.cribl_lake",
            "criblio_group.syslog_worker_group",
            "criblio_pack.syslog_pack",
            "criblio_source.syslog_source"
          ]
        }
      ]
    },
    {
      "mode": "managed",
      "type": "criblio_cribl_lake_dataset",
      "name": "my_cribllakedataset",
      "provider": "provider[\"registry.terraform.io/criblio/criblio\"]",
      "instances": [
        {
          "schema_version": 0,
          "attributes": {
            "accelerated_fields": [],
            "bucket_name": "lake-tfprovider2-beautiful-nguyen-y8y4azd",
            "description": "my_description",
            "format": "json",
            "id": "my_lake_dataset_with_lakehouse_11",
            "lake_id": "default",
            "retention_period_in_days": 30,
            "search_config": {
              "datatypes": [],
              "metadata": {
                "created": "2021-06-18T21:07:29.756Z",
                "enable_acceleration": false,
                "modified": "2022-10-01T07:28:47.966Z",
                "tags": [
                  "test_tag"
                ]
              }
            }
          },
          "sensitive_attributes": [],
          "dependencies": [
            "criblio_cribl_lake_house.my_cribllakehouse"
          ]
        }
      ]
    },
    {
      "mode": "managed",
      "type": "criblio_cribl_lake_house",
      "name": "my_cribllakehouse",
      "provider": "provider[\"registry.terraform.io/criblio/criblio\"]",
      "instances": [
        {
          "schema_version": 0,
          "attributes": {
            "description": "My Lakehouse for dataset",
            "id": "test-lakehouse-4",
            "status": "ready",
            "tier_size": "medium"
          },
          "sensitive_attributes": []
        }
      ]
    },
    {
      "mode": "managed",
      "type": "criblio_database_connection",
      "name": "my_databaseconnection",
      "provider": "provider[\"registry.terraform.io/criblio/criblio\"]",
      "instances": [
        {
          "schema_version": 0,
          "attributes": {
            "auth_type": "connectionString",
            "config_obj": "test",
            "connection_string": "mysql://user:password@localhost:3306/mydb",
            "connection_timeout": 1000,
            "database_type": "mysql",
            "description": "MySQL database connection example",
            "group_id": "default",
            "id": "my_databaseconnection",
            "password": "test",
            "request_timeout": 60,
            "tags": "test",
            "user": "test"
          },
          "sensitive_attributes": []
        }
      ]
    },
    {
      "mode": "managed",
      "type": "criblio_deploy",
      "name": "my_deploy",
      "provider": "provider[\"registry.terraform.io/criblio/criblio\"]",
      "instances": [
        {
          "schema_version": 0,
          "attributes": {
            "id": "syslog-workers",
            "items": [
              {
                "cloud": {
                  "provider": "aws",
                  "region": "us-west-2"
                },
                "config_version": "69e75ef",
                "deploying_worker_count": null,
                "description": null,
                "estimated_ingest_rate": 1024,
                "git": null,
                "id": "syslog-workers",
                "incompatible_worker_count": null,
                "inherits": null,
                "is_fleet": false,
                "is_search": null,
                "lookup_deployments": [],
                "name": "syslog-workers",
                "on_prem": false,
                "provisioned": true,
                "streamtags": [
                  "syslog",
                  "network"
                ],
                "tags": null,
                "type": null,
                "upgrade_version": null,
                "worker_count": null,
                "worker_remote_access": false
              }
            ],
            "version": "69e75ef"
          },
          "sensitive_attributes": [],
          "dependencies": [
            "criblio_commit.my_commit",
            "criblio_destination.cribl_lake",
            "criblio_group.syslog_worker_group",
            "criblio_pack.syslog_pack",
            "criblio_source.syslog_source",
            "data.criblio_config_version.my_configversion"
          ]
        }
      ]
    },
    {
      "mode": "managed",
      "type": "criblio_destination",
      "name": "cribl_lake",
      "provider": "provider[\"registry.terraform.io/criblio/criblio\"]",
      "instances": [
        {
          "schema_version": 0,
          "attributes": {
            "group_id": "syslog-workers",
            "id": "cribl-lake-2",
            "output_azure_blob": null,
            "output_azure_data_explorer": null,
            "output_azure_eventhub": null,
            "output_azure_logs": null,
            "output_click_house": null,
            "output_cloudwatch": null,
            "output_confluent_cloud": null,
            "output_cribl_http": null,
            "output_cribl_lake": {
              "add_id_to_stage_path": true,
              "assume_role_arn": null,
              "assume_role_external_id": null,
              "aws_authentication_method": "auto",
              "aws_secret_key": null,
              "base_file_name": "CriblOut",
              "bucket": null,
              "deadletter_enabled": false,
              "deadletter_path": "$CRIBL_HOME/state/outputs/dead-letter",
              "description": "Cribl Lake destination for syslog data",
              "dest_path": "default_logs",
              "duration_seconds": 3600,
              "empty_dir_cleanup_sec": 300,
              "enable_assume_role": false,
              "endpoint": null,
              "environment": null,
              "format": "json",
              "header_line": "",
              "id": "cribl-lake-2",
              "kms_key_id": null,
              "max_closing_files_to_backpressure": 100,
              "max_concurrent_file_parts": 1,
              "max_file_idle_time_sec": 30,
              "max_file_open_time_sec": 300,
              "max_file_size_mb": 32,
              "max_open_files": 100,
              "max_retry_num": 20,
              "object_acl": "private",
              "on_backpressure": "block",
              "on_disk_full_backpressure": "block",
              "pipeline": null,
              "region": null,
              "reject_unauthorized": true,
              "remove_empty_dirs": true,
              "reuse_connections": true,
              "server_side_encryption": null,
              "signature_version": "v4",
              "stage_path": "$CRIBL_HOME/state/outputs/staging",
              "storage_class": null,
              "streamtags": [
                "syslog",
                "lake"
              ],
              "system_fields": null,
              "type": "cribl_lake",
              "verify_permissions": true,
              "write_high_water_mark": 64
            },
            "output_cribl_tcp": null,
            "output_crowdstrike_next_gen_siem": null,
            "output_datadog": null,
            "output_dataset": null,
            "output_default": null,
            "output_devnull": null,
            "output_disk_spool": null,
            "output_dl_s3": null,
            "output_dynatrace_http": null,
            "output_dynatrace_otlp": null,
            "output_elastic": null,
            "output_elastic_cloud": null,
            "output_exabeam": null,
            "output_filesystem": null,
            "output_google_chronicle": null,
            "output_google_cloud_logging": null,
            "output_google_cloud_storage": null,
            "output_google_pubsub": null,
            "output_grafana_cloud": null,
            "output_graphite": null,
            "output_honeycomb": null,
            "output_humio_hec": null,
            "output_influxdb": null,
            "output_kafka": null,
            "output_kinesis": null,
            "output_loki": null,
            "output_minio": null,
            "output_msk": null,
            "output_netflow": null,
            "output_newrelic": null,
            "output_newrelic_events": null,
            "output_open_telemetry": null,
            "output_prometheus": null,
            "output_ring": null,
            "output_router": null,
            "output_s3": null,
            "output_security_lake": null,
            "output_sentinel": null,
            "output_service_now": null,
            "output_signalfx": null,
            "output_snmp": null,
            "output_sns": null,
            "output_splunk": null,
            "output_splunk_hec": null,
            "output_splunk_lb": null,
            "output_sqs": null,
            "output_statsd": null,
            "output_statsd_ext": null,
            "output_sumo_logic": null,
            "output_syslog": null,
            "output_tcpjson": null,
            "output_wavefront": null,
            "output_webhook": null,
            "output_xsiam": null
          },
          "sensitive_attributes": [],
          "dependencies": [
            "criblio_group.syslog_worker_group"
          ]
        }
      ]
    },
    {
      "mode": "managed",
      "type": "criblio_event_breaker_ruleset",
      "name": "my_eventbreakerruleset",
      "provider": "provider[\"registry.terraform.io/criblio/criblio\"]",
      "instances": [
        {
          "schema_version": 0,
          "attributes": {
            "description": "test",
            "group_id": "default",
            "id": "test_eventbreakerruleset",
            "lib": "custom",
            "min_raw_length": 256,
            "rules": [
              {
                "condition": "PASS_THROUGH_SOURCE_TYPE",
                "disabled": false,
                "event_breaker_regex": "/[\\n\\r]+(?!\\s)/",
                "fields": [],
                "max_event_bytes": 51200,
                "name": "test",
                "parser_enabled": false,
                "should_use_data_raw": false,
                "timestamp": {
                  "format": null,
                  "length": 150,
                  "type": "auto"
                },
                "timestamp_anchor_regex": "/^/",
                "timestamp_earliest": "-420weeks",
                "timestamp_latest": "+1week",
                "timestamp_timezone": "local",
                "type": "regex"
              }
            ],
            "tags": "test"
          },
          "sensitive_attributes": []
        }
      ]
    },
    {
      "mode": "managed",
      "type": "criblio_global_var",
      "name": "my_globalvar",
      "provider": "provider[\"registry.terraform.io/criblio/criblio\"]",
      "instances": [
        {
          "schema_version": 0,
          "attributes": {
            "description": "test",
            "group_id": "default",
            "id": "sample_globalvar",
            "lib": "test",
            "tags": "test",
            "type": "number",
            "value": "100"
          },
          "sensitive_attributes": []
        }
      ]
    },
    {
      "mode": "managed",
      "type": "criblio_grok",
      "name": "my_grok",
      "provider": "provider[\"registry.terraform.io/criblio/criblio\"]",
      "instances": [
        {
          "schema_version": 0,
          "attributes": {
            "content": "SYSLOG5424PRINTASCII [!-~]+\n\nSYSLOGBASE2 (?:%{SYSLOGTIMESTAMP:timestamp}|%{TIMESTAMP_ISO8601:timestamp8601}) (?:%{SYSLOGFACILITY} )?%{SYSLOGHOST:logsource}+(?: %{SYSLOGPROG}:|)\nSYSLOGPAMSESSION %{SYSLOGBASE} (?=%{GREEDYDATA:message})%{WORD:pam_module}\\(%{DATA:pam_caller}\\): session %{WORD:pam_session_state} for user %{USERNAME:username}(?: by %{GREEDYDATA:pam_by})?\n\nCRON_ACTION [A-Z ]+\nCRONLOG %{SYSLOGBASE} \\(%{USER:user}\\) %{CRON_ACTION:action} \\(%{DATA:message}\\)\n\nSYSLOGLINE %{SYSLOGBASE2} %{GREEDYDATA:message}\n\n# IETF 5424 syslog(8) format (see http://www.rfc-editor.org/info/rfc5424)\nSYSLOG5424PRI \u003c%{NONNEGINT:syslog5424_pri}\u003e\nSYSLOG5424SD \\[%{DATA}\\]+\nSYSLOG5424BASE %{SYSLOG5424PRI}%{NONNEGINT:syslog5424_ver} +(?:%{TIMESTAMP_ISO8601:syslog5424_ts}|-) +(?:%{IPORHOST:syslog5424_host}|-) +(-|%{SYSLOG5424PRINTASCII:syslog5424_app}) +(-|%{SYSLOG5424PRINTASCII:syslog5424_proc}) +(-|%{SYSLOG5424PRINTASCII:syslog5424_msgid}) +(?:%{SYSLOG5424SD:syslog5424_sd}|-|)\n\nSYSLOG5424LINE %{SYSLOG5424BASE} +%{GREEDYDATA:syslog5424_msg}\n",
            "group_id": "default",
            "id": "test_grok",
            "size": 1,
            "tags": null
          },
          "sensitive_attributes": []
        }
      ]
    },
    {
      "mode": "managed",
      "type": "criblio_group",
      "name": "my_edge_fleet",
      "provider": "provider[\"registry.terraform.io/criblio/criblio\"]",
      "instances": [
        {
          "schema_version": 0,
          "attributes": {
            "cloud": null,
            "config_version": null,
            "deploying_worker_count": null,
            "description": null,
            "estimated_ingest_rate": 1024,
            "git": null,
            "id": "my-edge-fleet",
            "incompatible_worker_count": null,
            "inherits": null,
            "is_fleet": true,
            "is_search": null,
            "items": [
              {
                "cloud": null,
                "estimated_ingest_rate": 1024,
                "id": "my-edge-fleet",
                "is_fleet": true,
                "name": "my-edge-fleet",
                "on_prem": true,
                "provisioned": false,
                "streamtags": [
                  "test",
                  "network"
                ],
                "worker_remote_access": false
              }
            ],
            "lookup_deployments": null,
            "name": "my-edge-fleet",
            "on_prem": false,
            "product": "edge",
            "provisioned": false,
            "streamtags": [
              "test",
              "network"
            ],
            "tags": null,
            "type": null,
            "upgrade_version": null,
            "worker_count": null,
            "worker_remote_access": false
          },
          "sensitive_attributes": []
        }
      ]
    },
    {
      "mode": "managed",
      "type": "criblio_group",
      "name": "syslog_worker_group",
      "provider": "provider[\"registry.terraform.io/criblio/criblio\"]",
      "instances": [
        {
          "schema_version": 0,
          "attributes": {
            "cloud": {
              "provider": "aws",
              "region": "us-west-2"
            },
            "config_version": null,
            "deploying_worker_count": null,
            "description": null,
            "estimated_ingest_rate": 1024,
            "git": null,
            "id": "syslog-workers",
            "incompatible_worker_count": null,
            "inherits": null,
            "is_fleet": false,
            "is_search": null,
            "items": [
              {
                "cloud": {
                  "provider": "aws",
                  "region": "us-west-2"
                },
                "estimated_ingest_rate": 1024,
                "id": "syslog-workers",
                "is_fleet": false,
                "name": "syslog-workers",
                "on_prem": false,
                "provisioned": true,
                "streamtags": [
                  "syslog",
                  "network"
                ],
                "worker_remote_access": false
              }
            ],
            "lookup_deployments": null,
            "name": "syslog-workers",
            "on_prem": false,
            "product": "stream",
            "provisioned": true,
            "streamtags": [
              "syslog",
              "network"
            ],
            "tags": null,
            "type": null,
            "upgrade_version": null,
            "worker_count": null,
            "worker_remote_access": false
          },
          "sensitive_attributes": []
        }
      ]
    },
    {
      "mode": "managed",
      "type": "criblio_hmac_function",
      "name": "my_hmacfunction",
      "provider": "provider[\"registry.terraform.io/criblio/criblio\"]",
      "instances": [
        {
          "schema_version": 0,
          "attributes": {
            "description": "test hmac function",
            "group_id": "default",
            "header_expression": "'hmac sha256 ' + C.Crypto.createHmac('test', C.Secret('yourSecret','text').value, 'sha256','hex')",
            "header_name": "signature",
            "id": "my_hmacfunction",
            "lib": "cribl",
            "string_builders": [
              "true"
            ],
            "string_delim": "true"
          },
          "sensitive_attributes": []
        }
      ]
    },
    {
      "mode": "managed",
      "type": "criblio_pack",
      "name": "breakers_pack",
      "provider": "provider[\"registry.terraform.io/criblio/criblio\"]",
      "instances": [
        {
          "schema_version": 0,
          "attributes": {
            "allow_custom_functions": null,
            "author": null,
            "description": "Pack breakers",
            "disabled": true,
            "display_name": "Pack breakers",
            "exports": null,
            "filename": null,
            "force": null,
            "group_id": "default",
            "id": "pack-breakers",
            "inputs": null,
            "is_disabled": null,
            "items": [
              {
                "author": "Cribl, Inc.",
                "description": "A sample pack with a simple example",
                "display_name": "Hello, Packs!",
                "exports": [],
                "id": "pack-breakers",
                "inputs": null,
                "is_disabled": null,
                "min_log_stream_version": null,
                "outputs": null,
                "settings": null,
                "source": "file:/opt/cribl_data/failover/groups/default/default/HelloPacks",
                "spec": null,
                "tags": null,
                "version": "1.0.0",
                "warnings": "null"
              }
            ],
            "min_log_stream_version": null,
            "outputs": null,
            "source": "file:/opt/cribl_data/failover/groups/default/default/HelloPacks",
            "spec": null,
            "tags": null,
            "version": "1.0.0"
          },
          "sensitive_attributes": []
        }
      ]
    },
    {
      "mode": "managed",
      "type": "criblio_pack",
      "name": "dest_pack",
      "provider": "provider[\"registry.terraform.io/criblio/criblio\"]",
      "instances": [
        {
          "schema_version": 0,
          "attributes": {
            "allow_custom_functions": null,
            "author": null,
            "description": "Pack from source with destination",
            "disabled": false,
            "display_name": "Pack from source with destination",
            "exports": null,
            "filename": null,
            "force": null,
            "group_id": "default",
            "id": "pack-with-dest",
            "inputs": null,
            "is_disabled": null,
            "items": [
              {
                "author": "Cribl, Inc.",
                "description": "A sample pack with a simple example",
                "display_name": "Hello, Packs!",
                "exports": [],
                "id": "pack-with-dest",
                "inputs": null,
                "is_disabled": null,
                "min_log_stream_version": null,
                "outputs": null,
                "settings": null,
                "source": "file:/opt/cribl_data/failover/groups/default/default/HelloPacks",
                "spec": null,
                "tags": null,
                "version": "1.0.0",
                "warnings": "null"
              }
            ],
            "min_log_stream_version": null,
            "outputs": null,
            "source": "file:/opt/cribl_data/failover/groups/default/default/HelloPacks",
            "spec": null,
            "tags": null,
            "version": "1.0.0"
          },
          "sensitive_attributes": []
        }
      ]
    },
    {
      "mode": "managed",
      "type": "criblio_pack",
      "name": "lookups_pack",
      "provider": "provider[\"registry.terraform.io/criblio/criblio\"]",
      "instances": [
        {
          "schema_version": 0,
          "attributes": {
            "allow_custom_functions": null,
            "author": null,
            "description": "Pack with lookups",
            "disabled": true,
            "display_name": "Pack from source",
            "exports": null,
            "filename": null,
            "force": null,
            "group_id": "default",
            "id": "pack-with-lookups",
            "inputs": null,
            "is_disabled": null,
            "items": [
              {
                "author": "Cribl, Inc.",
                "description": "A sample pack with a simple example",
                "display_name": "Hello, Packs!",
                "exports": [],
                "id": "pack-with-lookups",
                "inputs": null,
                "is_disabled": null,
                "min_log_stream_version": null,
                "outputs": null,
                "settings": null,
                "source": "file:/opt/cribl_data/failover/groups/default/default/HelloPacks",
                "spec": null,
                "tags": null,
                "version": "1.0.0",
                "warnings": "null"
              }
            ],
            "min_log_stream_version": null,
            "outputs": null,
            "source": "file:/opt/cribl_data/failover/groups/default/default/HelloPacks",
            "spec": null,
            "tags": null,
            "version": "1.0.0"
          },
          "sensitive_attributes": []
        }
      ]
    },
    {
      "mode": "managed",
      "type": "criblio_pack",
      "name": "my_pack",
      "provider": "provider[\"registry.terraform.io/criblio/criblio\"]",
      "instances": [
        {
          "schema_version": 0,
          "attributes": {
            "allow_custom_functions": null,
            "author": null,
            "description": "Pack from source",
            "disabled": true,
            "display_name": "Pack from source",
            "exports": null,
            "filename": null,
            "force": null,
            "group_id": "default",
            "id": "pack-from-source",
            "inputs": null,
            "is_disabled": null,
            "items": [
              {
                "author": "Cribl, Inc.",
                "description": "A sample pack with a simple example",
                "display_name": "Hello, Packs!",
                "exports": [],
                "id": "pack-from-source",
                "inputs": null,
                "is_disabled": null,
                "min_log_stream_version": null,
                "outputs": null,
                "settings": null,
                "source": "file:/opt/cribl_data/failover/groups/default/default/HelloPacks",
                "spec": null,
                "tags": null,
                "version": "1.0.0",
                "warnings": "null"
              }
            ],
            "min_log_stream_version": null,
            "outputs": null,
            "source": "file:/opt/cribl_data/failover/groups/default/default/HelloPacks",
            "spec": null,
            "tags": null,
            "version": "1.0.0"
          },
          "sensitive_attributes": []
        }
      ]
    },
    {
      "mode": "managed",
      "type": "criblio_pack",
      "name": "pipeline_pack",
      "provider": "provider[\"registry.terraform.io/criblio/criblio\"]",
      "instances": [
        {
          "schema_version": 0,
          "attributes": {
            "allow_custom_functions": null,
            "author": null,
            "description": "Pack with pipeline",
            "disabled": true,
            "display_name": "Pack with pipeline",
            "exports": null,
            "filename": null,
            "force": null,
            "group_id": "default",
            "id": "pack-with-pipeline",
            "inputs": null,
            "is_disabled": null,
            "items": [
              {
                "author": "Cribl, Inc.",
                "description": "A sample pack with a simple example",
                "display_name": "Hello, Packs!",
                "exports": [],
                "id": "pack-with-pipeline",
                "inputs": null,
                "is_disabled": null,
                "min_log_stream_version": null,
                "outputs": null,
                "settings": null,
                "source": "file:/opt/cribl_data/failover/groups/default/default/pack-with-pipeline",
                "spec": null,
                "tags": null,
                "version": "1.0.0",
                "warnings": "null"
              }
            ],
            "min_log_stream_version": null,
            "outputs": null,
            "source": "file:/opt/cribl_data/failover/groups/default/default/HelloPacks",
            "spec": null,
            "tags": null,
            "version": "1.0.0"
          },
          "sensitive_attributes": []
        }
      ]
    },
    {
      "mode": "managed",
      "type": "criblio_pack",
      "name": "routes_pack",
      "provider": "provider[\"registry.terraform.io/criblio/criblio\"]",
      "instances": [
        {
          "schema_version": 0,
          "attributes": {
            "allow_custom_functions": null,
            "author": null,
            "description": "Pack from source",
            "disabled": true,
            "display_name": "Pack from source",
            "exports": null,
            "filename": null,
            "force": null,
            "group_id": "default",
            "id": "pack-with-routes",
            "inputs": null,
            "is_disabled": null,
            "items": [
              {
                "author": "Cribl, Inc.",
                "description": "A sample pack with a simple example",
                "display_name": "Hello, Packs!",
                "exports": [],
                "id": "pack-with-routes",
                "inputs": null,
                "is_disabled": null,
                "min_log_stream_version": null,
                "outputs": null,
                "settings": null,
                "source": "file:/opt/cribl_data/failover/groups/default/default/HelloPacks",
                "spec": null,
                "tags": null,
                "version": "1.0.0",
                "warnings": "null"
              }
            ],
            "min_log_stream_version": null,
            "outputs": null,
            "source": "file:/opt/cribl_data/failover/groups/default/default/HelloPacks",
            "spec": null,
            "tags": null,
            "version": "1.0.0"
          },
          "sensitive_attributes": []
        }
      ]
    },
    {
      "mode": "managed",
      "type": "criblio_pack",
      "name": "source_pack",
      "provider": "provider[\"registry.terraform.io/criblio/criblio\"]",
      "instances": [
        {
          "schema_version": 0,
          "attributes": {
            "allow_custom_functions": null,
            "author": null,
            "description": "Pack with source",
            "disabled": true,
            "display_name": "Pack from source",
            "exports": null,
            "filename": null,
            "force": null,
            "group_id": "default",
            "id": "pack-with-source",
            "inputs": null,
            "is_disabled": null,
            "items": [
              {
                "author": "Cribl, Inc.",
                "description": "A sample pack with a simple example",
                "display_name": "Hello, Packs!",
                "exports": [],
                "id": "pack-with-source",
                "inputs": null,
                "is_disabled": null,
                "min_log_stream_version": null,
                "outputs": null,
                "settings": null,
                "source": "file:/opt/cribl_data/failover/groups/default/default/HelloPacks",
                "spec": null,
                "tags": null,
                "version": "1.0.0",
                "warnings": "null"
              }
            ],
            "min_log_stream_version": null,
            "outputs": null,
            "source": "file:/opt/cribl_data/failover/groups/default/default/HelloPacks",
            "spec": null,
            "tags": null,
            "version": "1.0.0"
          },
          "sensitive_attributes": []
        }
      ]
    },
    {
      "mode": "managed",
      "type": "criblio_pack",
      "name": "syslog_pack",
      "provider": "provider[\"registry.terraform.io/criblio/criblio\"]",
      "instances": [
        {
          "schema_version": 0,
          "attributes": {
            "allow_custom_functions": null,
            "author": null,
            "description": "Pack for syslog processing",
            "disabled": false,
            "display_name": "Pack for syslog processing",
            "exports": null,
            "filename": "cribl-palo-alto-networks-source-1.0.0.crbl",
            "force": null,
            "group_id": "syslog-workers",
            "id": "syslog-processing",
            "inputs": null,
            "is_disabled": null,
            "items": [
              {
                "author": null,
                "description": "Pack for syslog processing",
                "display_name": "Pack for syslog processing",
                "exports": [],
                "id": "syslog-processing",
                "inputs": null,
                "is_disabled": null,
                "min_log_stream_version": null,
                "outputs": null,
                "settings": null,
                "source": "file:/opt/cribl_data/failover/groups/syslog-workers/default/syslog-processing",
                "spec": null,
                "tags": null,
                "version": "1.0.0",
                "warnings": "null"
              }
            ],
            "min_log_stream_version": null,
            "outputs": null,
            "source": null,
            "spec": null,
            "tags": null,
            "version": "1.0.0"
          },
          "sensitive_attributes": [],
          "dependencies": [
            "criblio_group.syslog_worker_group"
          ]
        }
      ]
    },
    {
      "mode": "managed",
      "type": "criblio_pack",
      "name": "vars_pack",
      "provider": "provider[\"registry.terraform.io/criblio/criblio\"]",
      "instances": [
        {
          "schema_version": 0,
          "attributes": {
            "allow_custom_functions": null,
            "author": null,
            "description": "Pack from source",
            "disabled": true,
            "display_name": "Pack from source",
            "exports": null,
            "filename": null,
            "force": null,
            "group_id": "default",
            "id": "pack-with-vars",
            "inputs": null,
            "is_disabled": null,
            "items": [
              {
                "author": "Cribl, Inc.",
                "description": "A sample pack with a simple example",
                "display_name": "Hello, Packs!",
                "exports": [],
                "id": "pack-with-vars",
                "inputs": null,
                "is_disabled": null,
                "min_log_stream_version": null,
                "outputs": null,
                "settings": null,
                "source": "file:/opt/cribl_data/failover/groups/default/default/HelloPacks",
                "spec": null,
                "tags": null,
                "version": "1.0.0",
                "warnings": "null"
              }
            ],
            "min_log_stream_version": null,
            "outputs": null,
            "source": "file:/opt/cribl_data/failover/groups/default/default/HelloPacks",
            "spec": null,
            "tags": null,
            "version": "1.0.0"
          },
          "sensitive_attributes": []
        }
      ]
    },
    {
      "mode": "managed",
      "type": "criblio_pack_breakers",
      "name": "my_packbreakers",
      "provider": "provider[\"registry.terraform.io/criblio/criblio\"]",
      "instances": [
        {
          "schema_version": 0,
          "attributes": {
            "description": "test",
            "group_id": "default",
            "id": "test_packbreakers",
            "items": [
              {
                "comments": [],
                "groups": null,
                "id": "test_packbreakers",
                "routes": []
              }
            ],
            "lib": "custom",
            "min_raw_length": 256,
            "pack": "pack-breakers",
            "rules": [
              {
                "condition": "PASS_THROUGH_SOURCE_TYPE",
                "disabled": false,
                "event_breaker_regex": "/[\\n\\r]+(?!\\s)/",
                "fields": [],
                "max_event_bytes": 51200,
                "name": "test",
                "parser_enabled": false,
                "should_use_data_raw": false,
                "timestamp": {
                  "format": null,
                  "length": 150,
                  "type": "auto"
                },
                "timestamp_anchor_regex": "/^/",
                "timestamp_earliest": "-420weeks",
                "timestamp_latest": "+1week",
                "timestamp_timezone": "local",
                "type": "regex"
              }
            ],
            "tags": "test"
          },
          "sensitive_attributes": [],
          "dependencies": [
            "criblio_pack.breakers_pack"
          ]
        }
      ]
    },
    {
      "mode": "managed",
      "type": "criblio_pack_destination",
      "name": "my_packdest",
      "provider": "provider[\"registry.terraform.io/criblio/criblio\"]",
      "instances": [
        {
          "schema_version": 0,
          "attributes": {
            "group_id": "default",
            "id": "test",
            "output_azure_blob": null,
            "output_azure_data_explorer": null,
            "output_azure_eventhub": null,
            "output_azure_logs": null,
            "output_click_house": null,
            "output_cloudwatch": null,
            "output_confluent_cloud": null,
            "output_cribl_http": null,
            "output_cribl_lake": null,
            "output_cribl_tcp": null,
            "output_crowdstrike_next_gen_siem": null,
            "output_datadog": null,
            "output_dataset": null,
            "output_default": null,
            "output_devnull": null,
            "output_disk_spool": null,
            "output_dl_s3": null,
            "output_dynatrace_http": null,
            "output_dynatrace_otlp": null,
            "output_elastic": null,
            "output_elastic_cloud": null,
            "output_exabeam": null,
            "output_filesystem": null,
            "output_google_chronicle": null,
            "output_google_cloud_logging": null,
            "output_google_cloud_storage": null,
            "output_google_pubsub": null,
            "output_grafana_cloud": null,
            "output_graphite": null,
            "output_honeycomb": null,
            "output_humio_hec": null,
            "output_influxdb": null,
            "output_kafka": null,
            "output_kinesis": null,
            "output_loki": null,
            "output_minio": null,
            "output_msk": null,
            "output_netflow": null,
            "output_newrelic": null,
            "output_newrelic_events": null,
            "output_open_telemetry": null,
            "output_prometheus": null,
            "output_ring": null,
            "output_router": null,
            "output_s3": {
              "add_id_to_stage_path": true,
              "assume_role_arn": null,
              "assume_role_external_id": null,
              "automatic_schema": false,
              "aws_api_key": null,
              "aws_authentication_method": "auto",
              "aws_secret": null,
              "aws_secret_key": null,
              "base_file_name": "`CriblOut`",
              "bucket": "test",
              "compress": "gzip",
              "compression_level": "best_speed",
              "deadletter_enabled": false,
              "deadletter_path": "$CRIBL_HOME/state/outputs/dead-letter",
              "description": null,
              "dest_path": "",
              "duration_seconds": 3600,
              "empty_dir_cleanup_sec": 300,
              "enable_assume_role": false,
              "enable_page_checksum": false,
              "enable_statistics": true,
              "enable_write_page_index": true,
              "endpoint": null,
              "environment": null,
              "file_name_suffix": "test",
              "format": "json",
              "header_line": "",
              "id": "test",
              "key_value_metadata": null,
              "kms_key_id": null,
              "max_closing_files_to_backpressure": 100,
              "max_concurrent_file_parts": 4,
              "max_file_idle_time_sec": 30,
              "max_file_open_time_sec": 300,
              "max_file_size_mb": 32,
              "max_open_files": 100,
              "max_retry_num": 20,
              "object_acl": "private",
              "on_backpressure": "block",
              "on_disk_full_backpressure": "block",
              "parquet_data_page_version": "DATA_PAGE_V2",
              "parquet_page_size": "1MB",
              "parquet_row_group_length": 10000,
              "parquet_version": "PARQUET_2_6",
              "partition_expr": "C.Time.strftime(_time ? _time : Date.now()/1000, '%Y/%m/%d')",
              "pipeline": null,
              "region": null,
              "reject_unauthorized": true,
              "remove_empty_dirs": true,
              "reuse_connections": true,
              "server_side_encryption": null,
              "should_log_invalid_rows": null,
              "signature_version": "v4",
              "stage_path": "$CRIBL_HOME/state/outputs/staging",
              "storage_class": null,
              "streamtags": [],
              "system_fields": [
                "cribl_pipe"
              ],
              "type": "s3",
              "verify_permissions": true,
              "write_high_water_mark": 64
            },
            "output_security_lake": null,
            "output_sentinel": null,
            "output_service_now": null,
            "output_signalfx": null,
            "output_snmp": null,
            "output_sns": null,
            "output_splunk": null,
            "output_splunk_hec": null,
            "output_splunk_lb": null,
            "output_sqs": null,
            "output_statsd": null,
            "output_statsd_ext": null,
            "output_sumo_logic": null,
            "output_syslog": null,
            "output_tcpjson": null,
            "output_wavefront": null,
            "output_webhook": null,
            "output_xsiam": null,
            "pack": "pack-with-dest"
          },
          "sensitive_attributes": [],
          "dependencies": [
            "criblio_pack.dest_pack"
          ]
        }
      ]
    },
    {
      "mode": "managed",
      "type": "criblio_pack_lookups",
      "name": "my_packlookups",
      "provider": "provider[\"registry.terraform.io/criblio/criblio\"]",
      "instances": [
        {
          "schema_version": 0,
          "attributes": {
            "content": "column1, column2, column3, column4",
            "description": "my_description",
            "group_id": "default",
            "id": "my_id",
            "items": [],
            "mode": "memory",
            "pack": "pack-with-lookups",
            "tags": "my_tags"
          },
          "sensitive_attributes": [],
          "dependencies": [
            "criblio_pack.lookups_pack"
          ]
        }
      ]
    },
    {
      "mode": "managed",
      "type": "criblio_pack_pipeline",
      "name": "my_packpipeline",
      "provider": "provider[\"registry.terraform.io/criblio/criblio\"]",
      "instances": [
        {
          "schema_version": 0,
          "attributes": {
            "conf": {
              "async_func_timeout": 9066,
              "description": "my_description",
              "functions": [],
              "groups": {
                "key": {
                  "description": "my_description",
                  "disabled": true,
                  "name": "my_name"
                }
              },
              "output": "my_output",
              "streamtags": [
                "tags"
              ]
            },
            "group_id": "default",
            "id": "my_id",
            "items": [
              {
                "comments": [],
                "groups": null,
                "id": "devnull",
                "routes": []
              },
              {
                "comments": [],
                "groups": null,
                "id": "main",
                "routes": []
              },
              {
                "comments": [],
                "groups": null,
                "id": "passthru",
                "routes": []
              },
              {
                "comments": [],
                "groups": null,
                "id": "prometheus_metrics",
                "routes": []
              },
              {
                "comments": [],
                "groups": null,
                "id": "my_id",
                "routes": []
              }
            ],
            "pack": "pack-with-pipeline"
          },
          "sensitive_attributes": [],
          "dependencies": [
            "criblio_pack.pipeline_pack"
          ]
        }
      ]
    },
    {
      "mode": "managed",
      "type": "criblio_pack_routes",
      "name": "my_packroutes",
      "provider": "provider[\"registry.terraform.io/criblio/criblio\"]",
      "instances": [
        {
          "schema_version": 0,
          "attributes": {
            "comments": null,
            "group_id": "default",
            "groups": null,
            "id": null,
            "items": [
              {
                "comments": [],
                "groups": null,
                "id": "default",
                "routes": [
                  {
                    "additional_properties": "{\"clones\":[]}",
                    "description": "",
                    "disabled": false,
                    "enable_output_expression": false,
                    "filter": "true",
                    "final": true,
                    "id": "77b72a95a2ac9600badf9c982ee1047b864d9d8b",
                    "name": "my_name",
                    "output": "\"default\"",
                    "output_expression": null,
                    "pipeline": "main"
                  }
                ]
              }
            ],
            "pack": "pack-with-routes",
            "routes": [
              {
                "additional_properties": null,
                "description": null,
                "disabled": null,
                "enable_output_expression": false,
                "filter": "true",
                "final": true,
                "name": "my_name",
                "output": null,
                "output_expression": null,
                "pipeline": "main"
              }
            ]
          },
          "sensitive_attributes": [],
          "dependencies": [
            "criblio_pack.routes_pack"
          ]
        }
      ]
    },
    {
      "mode": "managed",
      "type": "criblio_pack_source",
      "name": "my_packsource",
      "provider": "provider[\"registry.terraform.io/criblio/criblio\"]",
      "instances": [
        {
          "schema_version": 0,
          "attributes": {
            "group_id": "default",
            "id": "my_id",
            "input_appscope": null,
            "input_azure_blob": null,
            "input_collection": null,
            "input_confluent_cloud": null,
            "input_cribl": null,
            "input_cribl_http": null,
            "input_cribl_lake_http": null,
            "input_cribl_tcp": null,
            "input_criblmetrics": null,
            "input_crowdstrike": null,
            "input_datadog_agent": null,
            "input_datagen": null,
            "input_edge_prometheus": null,
            "input_elastic": null,
            "input_eventhub": null,
            "input_exec": null,
            "input_file": null,
            "input_firehose": null,
            "input_google_pubsub": null,
            "input_grafana": null,
            "input_http": null,
            "input_http_raw": null,
            "input_journal_files": null,
            "input_kafka": null,
            "input_kinesis": null,
            "input_kube_events": null,
            "input_kube_logs": null,
            "input_kube_metrics": null,
            "input_loki": null,
            "input_metrics": null,
            "input_model_driven_telemetry": null,
            "input_msk": null,
            "input_netflow": null,
            "input_office365_mgmt": null,
            "input_office365_msg_trace": null,
            "input_office365_service": null,
            "input_open_telemetry": null,
            "input_prometheus": null,
            "input_prometheus_rw": null,
            "input_raw_udp": null,
            "input_s3": null,
            "input_s3_inventory": null,
            "input_security_lake": null,
            "input_snmp": null,
            "input_splunk": null,
            "input_splunk_hec": null,
            "input_splunk_search": null,
            "input_sqs": null,
            "input_syslog": null,
            "input_system_metrics": null,
            "input_system_state": null,
            "input_tcp": {
              "auth_type": "manual",
              "breaker_rulesets": [
                ""
              ],
              "connections": [
                {
                  "output": "my_output",
                  "pipeline": "my_pipeline"
                }
              ],
              "description": "my_description",
              "disabled": true,
              "enable_header": false,
              "enable_proxy_header": true,
              "environment": "my_environment",
              "host": "my_host",
              "id": "my_id",
              "ip_whitelist_regex": "/.*/",
              "max_active_cxn": 8.41,
              "metadata": [
                {
                  "name": "my_name",
                  "value": "my_value"
                }
              ],
              "pipeline": "my_pipeline",
              "port": 7592.47,
              "pq": {
                "commit_frequency": 7.04,
                "compress": "none",
                "max_buffer_size": 51.06,
                "max_file_size": "100",
                "max_size": "1000",
                "mode": "smart",
                "path": "my_path"
              },
              "pq_enabled": true,
              "preprocess": {
                "args": [
                  ""
                ],
                "command": "my_command",
                "disabled": true
              },
              "send_to_routes": false,
              "socket_ending_max_wait": 8.02,
              "socket_idle_timeout": 5.47,
              "socket_max_lifespan": 9.38,
              "stale_channel_flush_ms": 8313205.9,
              "streamtags": [
                ""
              ],
              "tls": {
                "ca_path": "my_ca_path",
                "cert_path": "my_cert_path",
                "certificate_name": "my_certificate_name",
                "common_name_regex": "{ \"see\": \"documentation\" }",
                "disabled": true,
                "max_version": "TLSv1.1",
                "min_version": "TLSv1.1",
                "passphrase": "my_passphrase",
                "priv_key_path": "my_priv_key_path",
                "reject_unauthorized": "{ \"see\": \"documentation\" }",
                "request_cert": false
              },
              "type": "tcp"
            },
            "input_tcpjson": null,
            "input_wef": null,
            "input_win_event_logs": null,
            "input_windows_metrics": null,
            "input_wiz": null,
            "input_zscaler_hec": null,
            "items": [
              {
                "comments": [],
                "conf": {
                  "async_func_timeout": null,
                  "description": null,
                  "functions": null,
                  "groups": null,
                  "output": null,
                  "streamtags": null
                },
                "groups": null,
                "id": "my_id",
                "routes": []
              }
            ],
            "pack": "pack-with-source"
          },
          "sensitive_attributes": [],
          "dependencies": [
            "criblio_pack.source_pack"
          ]
        }
      ]
    },
    {
      "mode": "managed",
      "type": "criblio_pack_vars",
      "name": "my_packvars",
      "provider": "provider[\"registry.terraform.io/criblio/criblio\"]",
      "instances": [
        {
          "schema_version": 0,
          "attributes": {
            "description": "my_description",
            "group_id": "default",
            "id": "my_id",
            "lib": "my_lib",
            "pack": "pack-with-vars",
            "tags": "my_tags",
            "type": "object",
            "value": "my_value"
          },
          "sensitive_attributes": [],
          "dependencies": [
            "criblio_pack.vars_pack"
          ]
        }
      ]
    },
    {
      "mode": "managed",
      "type": "criblio_parquet_schema",
      "name": "my_parquet_schema",
      "provider": "provider[\"registry.terraform.io/criblio/criblio\"]",
      "instances": [
        {
          "schema_version": 0,
          "attributes": {
            "description": "test parquest",
            "group_id": "default",
            "id": "my_parquet_schema",
            "schema": "{\n  \"compressed_GZIP\": {\n    \"type\": \"STRING\",\n    \"compression\": \"GZIP\"\n  },\n  \"compressed_SNAPPY\": {\n    \"type\": \"STRING\",\n    \"compression\": \"SNAPPY\"\n  },\n  \"compressed_BROTLI\": {\n    \"type\": \"STRING\",\n    \"compression\": \"BROTLI\"\n  },\n  \"compressed_ZSTD\": {\n    \"type\": \"STRING\",\n    \"compression\": \"ZSTD\"\n  },\n  \"compressed_LZ4\": {\n    \"type\": \"STRING\",\n    \"compression\": \"LZ4\"\n  },\n  \"compressed_BOOLEAN\": {\n    \"type\": \"BOOLEAN\",\n    \"compression\": \"GZIP\"\n  },\n  \"compressed_INT32\": {\n    \"type\": \"INT\",\n    \"bitWidth\": 32,\n    \"signed\": true,\n    \"compression\": \"SNAPPY\"\n  },\n  \"compressed_INT64\": {\n    \"type\": \"INT\",\n    \"bitWidth\": 64,\n    \"signed\": true,\n    \"compression\": \"BROTLI\"\n  },\n  \"compressed_FLOAT\": {\n    \"type\": \"FLOAT\",\n    \"compression\": \"ZSTD\"\n  },\n  \"compressed_DOUBLE\": {\n    \"type\": \"DOUBLE\",\n    \"compression\": \"GZIP\"\n  },\n  \"compressed_BYTE_ARRAY\": {\n    \"type\": \"BYTE_ARRAY\",\n    \"compression\": \"GZIP\"\n  },\n  \"compressed_FIXED_LEN_BYTE_ARRAY\": {\n    \"type\": \"FIXED_LEN_BYTE_ARRAY\",\n    \"typeLength\": 10,\n    \"compression\": \"GZIP\"\n  },\n  \"encoding_PLAIN\": {\n    \"type\": \"STRING\",\n    \"encoding\": \"PLAIN\"\n  },\n  \"encoding_DICTIONARY\": {\n    \"type\": \"STRING\",\n    \"encoding\": \"DICTIONARY\"\n  },\n  \"encoding_BYTE_STREAM_SPLIT\": {\n    \"type\": \"FLOAT\",\n    \"encoding\": \"BYTE_STREAM_SPLIT\"\n  },\n  \"compressed_encoded_STRING\": {\n    \"type\": \"STRING\",\n    \"compression\": \"GZIP\",\n    \"encoding\": \"DICTIONARY\"\n  },\n  \"compressed_encoded_INT32\": {\n    \"type\": \"INT\",\n    \"bitWidth\": 32,\n    \"signed\": true,\n    \"compression\": \"ZSTD\",\n    \"encoding\": \"DICTIONARY\"\n  },\n  \"compressed_encoded_FLOAT\": {\n    \"type\": \"FLOAT\",\n    \"compression\": \"GZIP\",\n    \"encoding\": \"BYTE_STREAM_SPLIT\"\n  },\n  \"compressed_encoded_DOUBLE\": {\n    \"type\": \"DOUBLE\",\n    \"compression\": \"GZIP\",\n    \"encoding\": \"BYTE_STREAM_SPLIT\"\n  },\n  \"compressed_encoded_BYTE_ARRAY\": {\n    \"type\": \"BYTE_ARRAY\",\n    \"compression\": \"GZIP\",\n    \"encoding\": \"DICTIONARY\"\n  },\n  \"compressed_encoded_FIXED_LEN_BYTE_ARRAY\": {\n    \"type\": \"FIXED_LEN_BYTE_ARRAY\",\n    \"typeLength\": 10,\n    \"compression\": \"GZIP\",\n    \"encoding\": \"PLAIN\"\n  }\n}\n"
          },
          "sensitive_attributes": []
        }
      ]
    },
    {
      "mode": "managed",
      "type": "criblio_project",
      "name": "my_project",
      "provider": "provider[\"registry.terraform.io/criblio/criblio\"]",
      "instances": [
        {
          "schema_version": 0,
          "attributes": {
            "consumers": {},
            "description": "test project",
            "destinations": [],
            "group_id": "default",
            "id": "my_project",
            "subscriptions": []
          },
          "sensitive_attributes": []
        }
      ]
    },
    {
      "mode": "managed",
      "type": "criblio_regex",
      "name": "my_regex",
      "provider": "provider[\"registry.terraform.io/criblio/criblio\"]",
      "instances": [
        {
          "schema_version": 0,
          "attributes": {
            "description": "test",
            "group_id": "default",
            "id": "test_regex",
            "lib": "custom",
            "regex": "/\\b(?:\\d{1,3}\\.){3}\\d{1,3}\\b/",
            "sample_data": "192.168.1.1, 10.0.0.1, 172.16.0.1",
            "tags": "test"
          },
          "sensitive_attributes": []
        }
      ]
    },
    {
      "mode": "managed",
      "type": "criblio_schema",
      "name": "my_schema",
      "provider": "provider[\"registry.terraform.io/criblio/criblio\"]",
      "instances": [
        {
          "schema_version": 0,
          "attributes": {
            "description": "test schema",
            "group_id": "default",
            "id": "my_schema",
            "schema": "{\n  \"$id\": \"https://example.com/person.schema.json\",\n  \"$schema\": \"http://json-schema.org/draft-07/schema#\",\n  \"title\": \"Person\",\n  \"type\": \"object\",\n  \"required\": [\"firstName\", \"lastName\", \"age\"],\n  \"properties\": {\n    \"firstName\": {\n      \"type\": \"string\",\n      \"description\": \"The person's first name.\"\n    },\n    \"lastName\": {\n      \"type\": \"string\",\n      \"description\": \"The person's last name.\"\n    },\n    \"age\": {\n      \"description\": \"Age in years which must be greater than zero, less than 42.\",\n      \"type\": \"integer\",\n      \"minimum\": 0,\n      \"maximum\": 42\n    }\n  }\n}\n"
          },
          "sensitive_attributes": []
        }
      ]
    },
    {
      "mode": "managed",
      "type": "criblio_source",
      "name": "syslog_source",
      "provider": "provider[\"registry.terraform.io/criblio/criblio\"]",
      "instances": [
        {
          "schema_version": 0,
          "attributes": {
            "group_id": "syslog-workers",
            "id": "syslog-input",
            "input_appscope": null,
            "input_azure_blob": null,
            "input_collection": null,
            "input_confluent_cloud": null,
            "input_cribl": null,
            "input_cribl_http": null,
            "input_cribl_lake_http": null,
            "input_cribl_tcp": null,
            "input_criblmetrics": null,
            "input_crowdstrike": null,
            "input_datadog_agent": null,
            "input_datagen": null,
            "input_edge_prometheus": null,
            "input_elastic": null,
            "input_eventhub": null,
            "input_exec": null,
            "input_file": null,
            "input_firehose": null,
            "input_google_pubsub": null,
            "input_grafana": null,
            "input_http": null,
            "input_http_raw": null,
            "input_journal_files": null,
            "input_kafka": null,
            "input_kinesis": null,
            "input_kube_events": null,
            "input_kube_logs": null,
            "input_kube_metrics": null,
            "input_loki": null,
            "input_metrics": null,
            "input_model_driven_telemetry": null,
            "input_msk": null,
            "input_netflow": null,
            "input_office365_mgmt": null,
            "input_office365_msg_trace": null,
            "input_office365_service": null,
            "input_open_telemetry": null,
            "input_prometheus": null,
            "input_prometheus_rw": null,
            "input_raw_udp": null,
            "input_s3": null,
            "input_s3_inventory": null,
            "input_security_lake": null,
            "input_snmp": null,
            "input_splunk": null,
            "input_splunk_hec": null,
            "input_splunk_search": null,
            "input_sqs": null,
            "input_syslog": {
              "input_syslog_syslog1": {
                "allow_non_standard_app_name": false,
                "connections": [
                  {
                    "output": "cribl-lake-2",
                    "pipeline": "palo_alto_traffic"
                  }
                ],
                "description": "Syslog input source",
                "disabled": false,
                "enable_enhanced_proxy_header_parsing": null,
                "enable_load_balancing": true,
                "enable_proxy_header": false,
                "environment": null,
                "host": "0.0.0.0",
                "id": "syslog-input",
                "infer_framing": false,
                "ip_whitelist_regex": "/.*/",
                "keep_fields_list": [],
                "max_active_cxn": 0,
                "max_buffer_size": 8,
                "metadata": [],
                "octet_counting": false,
                "pipeline": "palo_alto_traffic",
                "pq": {
                  "commit_frequency": 5,
                  "compress": "none",
                  "max_buffer_size": 50,
                  "max_file_size": "1 MB",
                  "max_size": "100 MB",
                  "mode": "smart",
                  "path": "$CRIBL_HOME/state/buffers"
                },
                "pq_enabled": true,
                "send_to_routes": false,
                "single_msg_udp_packets": false,
                "socket_ending_max_wait": 6,
                "socket_idle_timeout": 30,
                "socket_max_lifespan": 5,
                "streamtags": [
                  "syslog",
                  "network"
                ],
                "strictly_infer_octet_counting": true,
                "tcp_port": 20005,
                "timestamp_timezone": "UTC",
                "tls": {
                  "ca_path": "",
                  "cert_path": "",
                  "certificate_name": "",
                  "common_name_regex": "{}",
                  "disabled": true,
                  "max_version": "TLSv1.3",
                  "min_version": "TLSv1.2",
                  "passphrase": "",
                  "priv_key_path": "",
                  "reject_unauthorized": "true",
                  "request_cert": false
                },
                "type": "syslog",
                "udp_port": 20005,
                "udp_socket_rx_buf_size": 262144
              },
              "input_syslog_syslog2": null
            },
            "input_system_metrics": null,
            "input_system_state": null,
            "input_tcp": null,
            "input_tcpjson": null,
            "input_wef": null,
            "input_win_event_logs": null,
            "input_windows_metrics": null,
            "input_wiz": null,
            "input_zscaler_hec": null
          },
          "sensitive_attributes": [],
          "dependencies": [
            "criblio_destination.cribl_lake",
            "criblio_group.syslog_worker_group"
          ]
        }
      ]
    },
    {
      "mode": "managed",
      "type": "criblio_subscription",
      "name": "my_subscription",
      "provider": "provider[\"registry.terraform.io/criblio/criblio\"]",
      "instances": [
        {
          "schema_version": 0,
          "attributes": {
            "description": "test subscription",
            "disabled": true,
            "filter": "test",
            "group_id": "default",
            "id": "my_subscription",
            "pipeline": "passthru"
          },
          "sensitive_attributes": []
        }
      ]
    },
    {
      "mode": "managed",
      "type": "criblio_subscription",
      "name": "my_subscription_with_enabled",
      "provider": "provider[\"registry.terraform.io/criblio/criblio\"]",
      "instances": [
        {
          "schema_version": 0,
          "attributes": {
            "description": "test subscription with enabled",
            "disabled": false,
            "filter": "test",
            "group_id": "default",
            "id": "my_subscription_with_enabled",
            "pipeline": "passthru"
          },
          "sensitive_attributes": []
        }
      ]
    },
    {
      "mode": "managed",
      "type": "null_resource",
      "name": "delay_before_connection",
      "provider": "provider[\"registry.terraform.io/hashicorp/null\"]",
      "instances": [
        {
          "schema_version": 0,
          "attributes": {
            "id": "4853187317174198402",
            "triggers": null
          },
          "sensitive_attributes": []
        }
      ]
    }
  ],
  "check_results": null
}
