speakeasyVersion: 1.658.2
sources:
    Cribl Control Plane and Management API:
        sourceNamespace: cribl-control-plane-and-management-api
        sourceRevisionDigest: sha256:89141c9b90ad99781b14f9e66e4586afb9e4628377181f954f2bbeabd0718b94
        sourceBlobDigest: sha256:98e4f8136d4eb2615374571209efb35703862daf0066d14bf742d3d3786cb38c
        tags:
            - latest
            - 4.14.0
targets:
    cribl-io:
        source: Cribl Control Plane and Management API
        sourceNamespace: cribl-control-plane-and-management-api
        sourceRevisionDigest: sha256:89141c9b90ad99781b14f9e66e4586afb9e4628377181f954f2bbeabd0718b94
        sourceBlobDigest: sha256:98e4f8136d4eb2615374571209efb35703862daf0066d14bf742d3d3786cb38c
workflow:
    workflowVersion: 1.0.0
    speakeasyVersion: 1.658.2
    sources:
        Cribl Control Plane and Management API:
            inputs:
                - location: openapi.yml
                - location: openapi-mgmt.yml
            overlays:
                - location: .speakeasy/entity-mapping-overlay.yml
            registry:
                location: registry.speakeasyapi.dev/cribl/cribl/cribl-control-plane-and-management-api
    targets:
        cribl-io:
            target: terraform
            source: Cribl Control Plane and Management API
            publish:
                terraform:
                    gpgPrivateKey: $terraform_gpg_private_key
                    gpgPassPhrase: $terraform_gpg_passphrase
