speakeasyVersion: 1.761.1
sources:
    Cribl Control Plane and Management API:
        sourceNamespace: cribl-control-plane-and-management-api
        sourceRevisionDigest: sha256:970a9e6094854bb768b42ad0d9601e7f9dc4e91ceb5012a69185721598372541
        sourceBlobDigest: sha256:070738a992190b3a8d41ec68dd7a5976771d2b69c8fe1f7b769c878e3c141e4a
        tags:
            - latest
targets:
    cribl-io:
        source: Cribl Control Plane and Management API
        sourceNamespace: cribl-control-plane-and-management-api
        sourceRevisionDigest: sha256:970a9e6094854bb768b42ad0d9601e7f9dc4e91ceb5012a69185721598372541
        sourceBlobDigest: sha256:070738a992190b3a8d41ec68dd7a5976771d2b69c8fe1f7b769c878e3c141e4a
workflow:
    workflowVersion: 1.0.0
    speakeasyVersion: 1.761.1
    sources:
        Cribl Control Plane and Management API:
            inputs:
                - location: openapi.yml
                - location: openapi-mgmt.yml
            overlays:
                - location: .speakeasy/entity-mapping-overlay.yml
            registry:
                location: registry.speakeasyapi.dev/cribl/cribl/cribl-control-plane-and-management-api
    targets:
        cribl-io:
            target: terraform
            source: Cribl Control Plane and Management API
            publish:
                terraform:
                    gpgPrivateKey: $terraform_gpg_private_key
                    gpgPassPhrase: $terraform_gpg_passphrase
