speakeasyVersion: 1.636.2
sources:
    Cribl Control Plane and Management API:
        sourceNamespace: cribl-control-plane-and-management-api
        sourceRevisionDigest: sha256:bc360cf6be1d4357a29969125215f9ef952fe911d511c5eb124042ec5a226006
        sourceBlobDigest: sha256:582985daef1d5ce20c645aa6472d1f6fcdb21e6bf686d7e30a16da4d1d441afb
        tags:
            - latest
            - 4.12.2-4b17c8d4
targets:
    cribl-io:
        source: Cribl Control Plane and Management API
        sourceNamespace: cribl-control-plane-and-management-api
        sourceRevisionDigest: sha256:bc360cf6be1d4357a29969125215f9ef952fe911d511c5eb124042ec5a226006
        sourceBlobDigest: sha256:582985daef1d5ce20c645aa6472d1f6fcdb21e6bf686d7e30a16da4d1d441afb
workflow:
    workflowVersion: 1.0.0
    speakeasyVersion: latest
    sources:
        Cribl Control Plane and Management API:
            inputs:
                - location: openapi.yml
                - location: openapi-mgmt.yml
            registry:
                location: registry.speakeasyapi.dev/cribl/cribl/cribl-control-plane-and-management-api
    targets:
        cribl-io:
            target: terraform
            source: Cribl Control Plane and Management API
            publish:
                terraform:
                    gpgPrivateKey: $terraform_gpg_private_key
                    gpgPassPhrase: $terraform_gpg_passphrase
